
Microsoft Visual Studio Solution File, Format Version 12.00
# Visual Studio Version 16
VisualStudioVersion = 16.0.33328.57
MinimumVisualStudioVersion = 10.0.40219.1
Project("{FAE04EC0-301F-11D3-BF4B-00C04F79EFBC}") = "Test_EF6", "Test_EF6.csproj", "{837D40C7-83D2-4298-89D6-B6262267E6F6}"
EndProject
Global
	GlobalSection(SolutionConfigurationPlatforms) = preSolution
		Debug|Any CPU = Debug|Any CPU
		Release|Any CPU = Release|Any CPU
	EndGlobalSection
	GlobalSection(ProjectConfigurationPlatforms) = postSolution
		{837D40C7-83D2-4298-89D6-B6262267E6F6}.Debug|Any CPU.ActiveCfg = Debug|Any CPU
		{837D40C7-83D2-4298-89D6-B6262267E6F6}.Debug|Any CPU.Build.0 = Debug|Any CPU
		{837D40C7-83D2-4298-89D6-B6262267E6F6}.Release|Any CPU.ActiveCfg = Release|Any CPU
		{837D40C7-83D2-4298-89D6-B6262267E6F6}.Release|Any CPU.Build.0 = Release|Any CPU
	EndGlobalSection
	GlobalSection(SolutionProperties) = preSolution
		HideSolutionNode = FALSE
	EndGlobalSection
	GlobalSection(ExtensibilityGlobals) = postSolution
		SolutionGuid = {8BAF63F0-3731-4E35-ABD6-8399F3F081F7}
	EndGlobalSection
EndGlobal
